
Microsoft Visual Studio Solution File, Format Version 12.00
# Visual Studio Version 17
VisualStudioVersion = 17.14.36414.22
MinimumVisualStudioVersion = 10.0.40219.1
Project("{2150E333-8FDC-42A3-9474-1A3956D46DE8}") = "Task0", "Task0", "{02EA681E-C7D8-13C7-8484-4AC65E1B71E8}"
EndProject
Project("{FAE04EC0-301F-11D3-BF4B-00C04F79EFBC}") = "Tyuiu.TsvetkovRA.Sprint0.Task0.V0", "Tyuiu.TsvetkovRA.Sprint0.Task0.V0\Tyuiu.TsvetkovRA.Sprint0.Task0.V0.csproj", "{87A87E4D-D38A-4E2F-B9B2-74E8715D4A15}"
EndProject
Global
	GlobalSection(SolutionConfigurationPlatforms) = preSolution
		Debug|Any CPU = Debug|Any CPU
		Release|Any CPU = Release|Any CPU
	EndGlobalSection
	GlobalSection(ProjectConfigurationPlatforms) = postSolution
		{87A87E4D-D38A-4E2F-B9B2-74E8715D4A15}.Debug|Any CPU.ActiveCfg = Debug|Any CPU
		{87A87E4D-D38A-4E2F-B9B2-74E8715D4A15}.Debug|Any CPU.Build.0 = Debug|Any CPU
		{87A87E4D-D38A-4E2F-B9B2-74E8715D4A15}.Release|Any CPU.ActiveCfg = Release|Any CPU
		{87A87E4D-D38A-4E2F-B9B2-74E8715D4A15}.Release|Any CPU.Build.0 = Release|Any CPU
	EndGlobalSection
	GlobalSection(SolutionProperties) = preSolution
		HideSolutionNode = FALSE
	EndGlobalSection
	GlobalSection(NestedProjects) = preSolution
		{87A87E4D-D38A-4E2F-B9B2-74E8715D4A15} = {02EA681E-C7D8-13C7-8484-4AC65E1B71E8}
	EndGlobalSection
	GlobalSection(ExtensibilityGlobals) = postSolution
		SolutionGuid = {743A8E2D-406C-4841-A9C2-EB6457DBEFC8}
	EndGlobalSection
EndGlobal
