
Microsoft Visual Studio Solution File, Format Version 12.00
# Visual Studio Version 17
VisualStudioVersion = 17.14.36414.22
MinimumVisualStudioVersion = 10.0.40219.1
Project("{2150E333-8FDC-42A3-9474-1A3956D46DE8}") = "Task0", "Task0", "{02EA681E-C7D8-13C7-8484-4AC65E1B71E8}"
EndProject
Project("{FAE04EC0-301F-11D3-BF4B-00C04F79EFBC}") = "Tyuiu.TsvetkovRA.Sprint0.Task0.V0", "Tyuiu.TsvetkovRA.Sprint0.Task0.V0\Tyuiu.TsvetkovRA.Sprint0.Task0.V0.csproj", "{87A87E4D-D38A-4E2F-B9B2-74E8715D4A15}"
EndProject
Project("{2150E333-8FDC-42A3-9474-1A3956D46DE8}") = "Task1", "Task1", "{43582619-1961-4A81-8B24-8217F6DF1FAE}"
EndProject
Project("{FAE04EC0-301F-11D3-BF4B-00C04F79EFBC}") = "Tyuiu.TsvetkovRA.Sprint0.Task1.V0", "Tyuiu.TsvetkovRA.Sprint0.Task1.V0\Tyuiu.TsvetkovRA.Sprint0.Task1.V0.csproj", "{A3245882-3E4C-48BD-96C1-E213ACA674C3}"
EndProject
Project("{2150E333-8FDC-42A3-9474-1A3956D46DE8}") = "Task2", "Task2", "{22BAF558-C7DB-42A7-988C-26BDCC95DFFD}"
EndProject
Project("{FAE04EC0-301F-11D3-BF4B-00C04F79EFBC}") = "Tyuiu.TsvetkovRA.Sprint0.Task2.V0", "Tyuiu.TsvetkovRA.Sprint0.Task2.V0\Tyuiu.TsvetkovRA.Sprint0.Task2.V0.csproj", "{9BA015EF-F0F7-4C31-80CF-C949AF4C0871}"
EndProject
Project("{FAE04EC0-301F-11D3-BF4B-00C04F79EFBC}") = "Tyuiu.TsvetkovRA.Sprint0.Task2.V0.Lib", "Tyuiu.TsvetkovRA.Sprint0.Task2.V0.Lib\Tyuiu.TsvetkovRA.Sprint0.Task2.V0.Lib.csproj", "{88D4D8DC-4E70-4603-8947-44DC0DF7F4EE}"
EndProject
Project("{FAE04EC0-301F-11D3-BF4B-00C04F79EFBC}") = "Tyuiu.TsvetkovRA.Sprint0.Task2.V0.Test", "Tyuiu.TsvetkovRA.Sprint0.Task2.V0.Test\Tyuiu.TsvetkovRA.Sprint0.Task2.V0.Test.csproj", "{B74390F4-A49D-40F9-A003-F34FF107B9F3}"
EndProject
Project("{2150E333-8FDC-42A3-9474-1A3956D46DE8}") = "Task3", "Task3", "{36D591C7-65C7-A0D1-1CBC-10CDE441BDC8}"
EndProject
Project("{FAE04EC0-301F-11D3-BF4B-00C04F79EFBC}") = "Tyuiu.TsvetkovRA.Sprint0.Task3.V0", "Tyuiu.TsvetkovRA.Sprint0.Task3.V0\Tyuiu.TsvetkovRA.Sprint0.Task3.V0.csproj", "{06B53A25-5849-498E-B230-5B9A0221D391}"
EndProject
Project("{FAE04EC0-301F-11D3-BF4B-00C04F79EFBC}") = "Tyuiu.TsvetkovRA.Sprint0.Task3.V0.Lib", "Tyuiu.TsvetkovRA.Sprint0.Task3.V0.Lib\Tyuiu.TsvetkovRA.Sprint0.Task3.V0.Lib.csproj", "{8A391946-D4DE-4AB3-9053-CBC306951E41}"
EndProject
Project("{FAE04EC0-301F-11D3-BF4B-00C04F79EFBC}") = "Tyuiu.TsvetkovRA.Sprint0.Task3.V0.Test", "Tyuiu.TsvetkovRA.Sprint0.Task3.V0.Test\Tyuiu.TsvetkovRA.Sprint0.Task3.V0.Test.csproj", "{BD15FCA3-6B73-4F73-BE1F-3961C6B2FCF3}"
EndProject
Project("{2150E333-8FDC-42A3-9474-1A3956D46DE8}") = "Task4", "Task4", "{1A399CBD-C1C6-496B-A60B-4574FBEB4303}"
EndProject
Project("{FAE04EC0-301F-11D3-BF4B-00C04F79EFBC}") = "Tyuiu.TsvetkovRA.Sprint0.Task4.V0", "Tyuiu.TsvetkovRA.Sprint0.Task4.V0\Tyuiu.TsvetkovRA.Sprint0.Task4.V0.csproj", "{D89C9FB5-4F5B-4A7A-8A65-D4033C382B24}"
EndProject
Project("{FAE04EC0-301F-11D3-BF4B-00C04F79EFBC}") = "Tyuiu.TsvetkovRA.Sprint0.Task4.V0.Test", "Tyuiu.TsvetkovRA.Sprint0.Task4.V0.Test\Tyuiu.TsvetkovRA.Sprint0.Task4.V0.Test.csproj", "{EA759301-B470-4F92-AEBE-56D1BFDC1F99}"
EndProject
Project("{FAE04EC0-301F-11D3-BF4B-00C04F79EFBC}") = "Tyuiu.TsvetkovRA.Sprint0.Task4.V0.Lib", "Tyuiu.TsvetkovRA.Sprint0.Task4.V0.Lib\Tyuiu.TsvetkovRA.Sprint0.Task4.V0.Lib.csproj", "{C47CAD21-0A55-4DD1-B902-83B3098FC69E}"
EndProject
Global
	GlobalSection(SolutionConfigurationPlatforms) = preSolution
		Debug|Any CPU = Debug|Any CPU
		Release|Any CPU = Release|Any CPU
	EndGlobalSection
	GlobalSection(ProjectConfigurationPlatforms) = postSolution
		{87A87E4D-D38A-4E2F-B9B2-74E8715D4A15}.Debug|Any CPU.ActiveCfg = Debug|Any CPU
		{87A87E4D-D38A-4E2F-B9B2-74E8715D4A15}.Debug|Any CPU.Build.0 = Debug|Any CPU
		{87A87E4D-D38A-4E2F-B9B2-74E8715D4A15}.Release|Any CPU.ActiveCfg = Release|Any CPU
		{87A87E4D-D38A-4E2F-B9B2-74E8715D4A15}.Release|Any CPU.Build.0 = Release|Any CPU
		{A3245882-3E4C-48BD-96C1-E213ACA674C3}.Debug|Any CPU.ActiveCfg = Debug|Any CPU
		{A3245882-3E4C-48BD-96C1-E213ACA674C3}.Debug|Any CPU.Build.0 = Debug|Any CPU
		{A3245882-3E4C-48BD-96C1-E213ACA674C3}.Release|Any CPU.ActiveCfg = Release|Any CPU
		{A3245882-3E4C-48BD-96C1-E213ACA674C3}.Release|Any CPU.Build.0 = Release|Any CPU
		{9BA015EF-F0F7-4C31-80CF-C949AF4C0871}.Debug|Any CPU.ActiveCfg = Debug|Any CPU
		{9BA015EF-F0F7-4C31-80CF-C949AF4C0871}.Debug|Any CPU.Build.0 = Debug|Any CPU
		{9BA015EF-F0F7-4C31-80CF-C949AF4C0871}.Release|Any CPU.ActiveCfg = Release|Any CPU
		{9BA015EF-F0F7-4C31-80CF-C949AF4C0871}.Release|Any CPU.Build.0 = Release|Any CPU
		{88D4D8DC-4E70-4603-8947-44DC0DF7F4EE}.Debug|Any CPU.ActiveCfg = Debug|Any CPU
		{88D4D8DC-4E70-4603-8947-44DC0DF7F4EE}.Debug|Any CPU.Build.0 = Debug|Any CPU
		{88D4D8DC-4E70-4603-8947-44DC0DF7F4EE}.Release|Any CPU.ActiveCfg = Release|Any CPU
		{88D4D8DC-4E70-4603-8947-44DC0DF7F4EE}.Release|Any CPU.Build.0 = Release|Any CPU
		{B74390F4-A49D-40F9-A003-F34FF107B9F3}.Debug|Any CPU.ActiveCfg = Debug|Any CPU
		{B74390F4-A49D-40F9-A003-F34FF107B9F3}.Debug|Any CPU.Build.0 = Debug|Any CPU
		{B74390F4-A49D-40F9-A003-F34FF107B9F3}.Release|Any CPU.ActiveCfg = Release|Any CPU
		{B74390F4-A49D-40F9-A003-F34FF107B9F3}.Release|Any CPU.Build.0 = Release|Any CPU
		{06B53A25-5849-498E-B230-5B9A0221D391}.Debug|Any CPU.ActiveCfg = Debug|Any CPU
		{06B53A25-5849-498E-B230-5B9A0221D391}.Debug|Any CPU.Build.0 = Debug|Any CPU
		{06B53A25-5849-498E-B230-5B9A0221D391}.Release|Any CPU.ActiveCfg = Release|Any CPU
		{06B53A25-5849-498E-B230-5B9A0221D391}.Release|Any CPU.Build.0 = Release|Any CPU
		{8A391946-D4DE-4AB3-9053-CBC306951E41}.Debug|Any CPU.ActiveCfg = Debug|Any CPU
		{8A391946-D4DE-4AB3-9053-CBC306951E41}.Debug|Any CPU.Build.0 = Debug|Any CPU
		{8A391946-D4DE-4AB3-9053-CBC306951E41}.Release|Any CPU.ActiveCfg = Release|Any CPU
		{8A391946-D4DE-4AB3-9053-CBC306951E41}.Release|Any CPU.Build.0 = Release|Any CPU
		{BD15FCA3-6B73-4F73-BE1F-3961C6B2FCF3}.Debug|Any CPU.ActiveCfg = Debug|Any CPU
		{BD15FCA3-6B73-4F73-BE1F-3961C6B2FCF3}.Debug|Any CPU.Build.0 = Debug|Any CPU
		{BD15FCA3-6B73-4F73-BE1F-3961C6B2FCF3}.Release|Any CPU.ActiveCfg = Release|Any CPU
		{BD15FCA3-6B73-4F73-BE1F-3961C6B2FCF3}.Release|Any CPU.Build.0 = Release|Any CPU
		{D89C9FB5-4F5B-4A7A-8A65-D4033C382B24}.Debug|Any CPU.ActiveCfg = Debug|Any CPU
		{D89C9FB5-4F5B-4A7A-8A65-D4033C382B24}.Debug|Any CPU.Build.0 = Debug|Any CPU
		{D89C9FB5-4F5B-4A7A-8A65-D4033C382B24}.Release|Any CPU.ActiveCfg = Release|Any CPU
		{D89C9FB5-4F5B-4A7A-8A65-D4033C382B24}.Release|Any CPU.Build.0 = Release|Any CPU
		{EA759301-B470-4F92-AEBE-56D1BFDC1F99}.Debug|Any CPU.ActiveCfg = Debug|Any CPU
		{EA759301-B470-4F92-AEBE-56D1BFDC1F99}.Debug|Any CPU.Build.0 = Debug|Any CPU
		{EA759301-B470-4F92-AEBE-56D1BFDC1F99}.Release|Any CPU.ActiveCfg = Release|Any CPU
		{EA759301-B470-4F92-AEBE-56D1BFDC1F99}.Release|Any CPU.Build.0 = Release|Any CPU
		{C47CAD21-0A55-4DD1-B902-83B3098FC69E}.Debug|Any CPU.ActiveCfg = Debug|Any CPU
		{C47CAD21-0A55-4DD1-B902-83B3098FC69E}.Debug|Any CPU.Build.0 = Debug|Any CPU
		{C47CAD21-0A55-4DD1-B902-83B3098FC69E}.Release|Any CPU.ActiveCfg = Release|Any CPU
		{C47CAD21-0A55-4DD1-B902-83B3098FC69E}.Release|Any CPU.Build.0 = Release|Any CPU
	EndGlobalSection
	GlobalSection(SolutionProperties) = preSolution
		HideSolutionNode = FALSE
	EndGlobalSection
	GlobalSection(NestedProjects) = preSolution
		{87A87E4D-D38A-4E2F-B9B2-74E8715D4A15} = {02EA681E-C7D8-13C7-8484-4AC65E1B71E8}
		{A3245882-3E4C-48BD-96C1-E213ACA674C3} = {43582619-1961-4A81-8B24-8217F6DF1FAE}
		{9BA015EF-F0F7-4C31-80CF-C949AF4C0871} = {22BAF558-C7DB-42A7-988C-26BDCC95DFFD}
		{88D4D8DC-4E70-4603-8947-44DC0DF7F4EE} = {22BAF558-C7DB-42A7-988C-26BDCC95DFFD}
		{B74390F4-A49D-40F9-A003-F34FF107B9F3} = {22BAF558-C7DB-42A7-988C-26BDCC95DFFD}
		{06B53A25-5849-498E-B230-5B9A0221D391} = {36D591C7-65C7-A0D1-1CBC-10CDE441BDC8}
		{8A391946-D4DE-4AB3-9053-CBC306951E41} = {36D591C7-65C7-A0D1-1CBC-10CDE441BDC8}
		{BD15FCA3-6B73-4F73-BE1F-3961C6B2FCF3} = {36D591C7-65C7-A0D1-1CBC-10CDE441BDC8}
		{D89C9FB5-4F5B-4A7A-8A65-D4033C382B24} = {1A399CBD-C1C6-496B-A60B-4574FBEB4303}
		{EA759301-B470-4F92-AEBE-56D1BFDC1F99} = {1A399CBD-C1C6-496B-A60B-4574FBEB4303}
		{C47CAD21-0A55-4DD1-B902-83B3098FC69E} = {1A399CBD-C1C6-496B-A60B-4574FBEB4303}
	EndGlobalSection
	GlobalSection(ExtensibilityGlobals) = postSolution
		SolutionGuid = {743A8E2D-406C-4841-A9C2-EB6457DBEFC8}
	EndGlobalSection
EndGlobal
